// !$*UTF8*$!
{
	archiveVersion = 1;
	classes = {
	};
	objectVersion = 46;
	objects = {

/* Begin PBXBuildFile section */
		6AE514791B29C80D00B30B88 /* TMLog.h in CopyFiles */ = {isa = PBXBuildFile; fileRef = 6AE514781B29C80D00B30B88 /* TMLog.h */; };
		6AE5147B1B29C80D00B30B88 /* TMLog.m in Sources */ = {isa = PBXBuildFile; fileRef = 6AE5147A1B29C80D00B30B88 /* TMLog.m */; };
		6AE514811B29C80D00B30B88 /* libTMLog.a in Frameworks */ = {isa = PBXBuildFile; fileRef = 6AE514751B29C80D00B30B88 /* libTMLog.a */; };
/* End PBXBuildFile section */

/* Begin PBXContainerItemProxy section */
		6AE514821B29C80D00B30B88 /* PBXContainerItemProxy */ = {
			isa = PBXContainerItemProxy;
			containerPortal = 6AE5146D1B29C80D00B30B88 /* Project object */;
			proxyType = 1;
			remoteGlobalIDString = 6AE514741B29C80D00B30B88;
			remoteInfo = TMLog;
		};
/* End PBXContainerItemProxy section */

/* Begin PBXCopyFilesBuildPhase section */
		6AE514731B29C80D00B30B88 /* CopyFiles */ = {
			isa = PBXCopyFilesBuildPhase;
			buildActionMask = 2147483647;
			dstPath = "include/$(PRODUCT_NAME)";
			dstSubfolderSpec = 16;
			files = (
				6AE514791B29C80D00B30B88 /* TMLog.h in CopyFiles */,
			);
			runOnlyForDeploymentPostprocessing = 0;
		};
/* End PBXCopyFilesBuildPhase section */

/* Begin PBXFileReference section */
		6AE514751B29C80D00B30B88 /* libTMLog.a */ = {isa = PBXFileReference; explicitFileType = archive.ar; includeInIndex = 0; path = libTMLog.a; sourceTree = BUILT_PRODUCTS_DIR; };
		6AE514781B29C80D00B30B88 /* TMLog.h */ = {isa = PBXFileReference; lastKnownFileType = sourcecode.c.h; path = TMLog.h; sourceTree = "<group>"; };
		6AE5147A1B29C80D00B30B88 /* TMLog.m */ = {isa = PBXFileReference; lastKnownFileType = sourcecode.c.objc; path = TMLog.m; sourceTree = "<group>"; };
		6AE514801B29C80D00B30B88 /* TMLogTests.xctest */ = {isa = PBXFileReference; explicitFileType = wrapper.cfbundle; includeInIndex = 0; path = TMLogTests.xctest; sourceTree = BUILT_PRODUCTS_DIR; };
		6AE514861B29C80D00B30B88 /* Info.plist */ = {isa = PBXFileReference; lastKnownFileType = text.plist.xml; path = Info.plist; sourceTree = "<group>"; };
/* End PBXFileReference section */

/* Begin PBXFrameworksBuildPhase section */
		6AE514721B29C80D00B30B88 /* Frameworks */ = {
			isa = PBXFrameworksBuildPhase;
			buildActionMask = 2147483647;
			files = (
			);
			runOnlyForDeploymentPostprocessing = 0;
		};
		6AE5147D1B29C80D00B30B88 /* Frameworks */ = {
			isa = PBXFrameworksBuildPhase;
			buildActionMask = 2147483647;
			files = (
				6AE514811B29C80D00B30B88 /* libTMLog.a in Frameworks */,
			);
			runOnlyForDeploymentPostprocessing = 0;
		};
/* End PBXFrameworksBuildPhase section */

/* Begin PBXGroup section */
		6AE5146C1B29C80D00B30B88 = {
			isa = PBXGroup;
			children = (
				6AE514771B29C80D00B30B88 /* TMLog */,
				6AE514841B29C80D00B30B88 /* TMLogTests */,
				6AE514761B29C80D00B30B88 /* Products */,
			);
			sourceTree = "<group>";
		};
		6AE514761B29C80D00B30B88 /* Products */ = {
			isa = PBXGroup;
			children = (
				6AE514751B29C80D00B30B88 /* libTMLog.a */,
				6AE514801B29C80D00B30B88 /* TMLogTests.xctest */,
			);
			name = Products;
			sourceTree = "<group>";
		};
		6AE514771B29C80D00B30B88 /* TMLog */ = {
			isa = PBXGroup;
			children = (
				6AE514781B29C80D00B30B88 /* TMLog.h */,
				6AE5147A1B29C80D00B30B88 /* TMLog.m */,
			);
			path = TMLog;
			sourceTree = "<group>";
		};
		6AE514841B29C80D00B30B88 /* TMLogTests */ = {
			isa = PBXGroup;
			children = (
				6AE514851B29C80D00B30B88 /* Supporting Files */,
			);
			path = TMLogTests;
			sourceTree = "<group>";
		};
		6AE514851B29C80D00B30B88 /* Supporting Files */ = {
			isa = PBXGroup;
			children = (
				6AE514861B29C80D00B30B88 /* Info.plist */,
			);
			name = "Supporting Files";
			sourceTree = "<group>";
		};
/* End PBXGroup section */

/* Begin PBXNativeTarget section */
		6AE514741B29C80D00B30B88 /* TMLog */ = {
			isa = PBXNativeTarget;
			buildConfigurationList = 6AE514891B29C80D00B30B88 /* Build configuration list for PBXNativeTarget "TMLog" */;
			buildPhases = (
				6AE514711B29C80D00B30B88 /* Sources */,
				6AE514721B29C80D00B30B88 /* Frameworks */,
				6AE514731B29C80D00B30B88 /* CopyFiles */,
			);
			buildRules = (
			);
			dependencies = (
			);
			name = TMLog;
			productName = TMLog;
			productReference = 6AE514751B29C80D00B30B88 /* libTMLog.a */;
			productType = "com.apple.product-type.library.static";
		};
		6AE5147F1B29C80D00B30B88 /* TMLogTests */ = {
			isa = PBXNativeTarget;
			buildConfigurationList = 6AE5148C1B29C80D00B30B88 /* Build configuration list for PBXNativeTarget "TMLogTests" */;
			buildPhases = (
				6AE5147C1B29C80D00B30B88 /* Sources */,
				6AE5147D1B29C80D00B30B88 /* Frameworks */,
				6AE5147E1B29C80D00B30B88 /* Resources */,
			);
			buildRules = (
			);
			dependencies = (
				6AE514831B29C80D00B30B88 /* PBXTargetDependency */,
			);
			name = TMLogTests;
			productName = TMLogTests;
			productReference = 6AE514801B29C80D00B30B88 /* TMLogTests.xctest */;
			productType = "com.apple.product-type.bundle.unit-test";
		};
/* End PBXNativeTarget section */

/* Begin PBXProject section */
		6AE5146D1B29C80D00B30B88 /* Project object */ = {
			isa = PBXProject;
			attributes = {
				LastUpgradeCheck = 0630;
				ORGANIZATIONNAME = ThinkMob;
				TargetAttributes = {
					6AE514741B29C80D00B30B88 = {
						CreatedOnToolsVersion = 6.3.2;
					};
					6AE5147F1B29C80D00B30B88 = {
						CreatedOnToolsVersion = 6.3.2;
					};
				};
			};
			buildConfigurationList = 6AE514701B29C80D00B30B88 /* Build configuration list for PBXProject "TMLog" */;
			compatibilityVersion = "Xcode 3.2";
			developmentRegion = English;
			hasScannedForEncodings = 0;
			knownRegions = (
				en,
			);
			mainGroup = 6AE5146C1B29C80D00B30B88;
			productRefGroup = 6AE514761B29C80D00B30B88 /* Products */;
			projectDirPath = "";
			projectRoot = "";
			targets = (
				6AE514741B29C80D00B30B88 /* TMLog */,
				6AE5147F1B29C80D00B30B88 /* TMLogTests */,
			);
		};
/* End PBXProject section */

/* Begin PBXResourcesBuildPhase section */
		6AE5147E1B29C80D00B30B88 /* Resources */ = {
			isa = PBXResourcesBuildPhase;
			buildActionMask = 2147483647;
			files = (
			);
			runOnlyForDeploymentPostprocessing = 0;
		};
/* End PBXResourcesBuildPhase section */

/* Begin PBXSourcesBuildPhase section */
		6AE514711B29C80D00B30B88 /* Sources */ = {
			isa = PBXSourcesBuildPhase;
			buildActionMask = 2147483647;
			files = (
				6AE5147B1B29C80D00B30B88 /* TMLog.m in Sources */,
			);
			runOnlyForDeploymentPostprocessing = 0;
		};
		6AE5147C1B29C80D00B30B88 /* Sources */ = {
			isa = PBXSourcesBuildPhase;
			buildActionMask = 2147483647;
			files = (
			);
			runOnlyForDeploymentPostprocessing = 0;
		};
/* End PBXSourcesBuildPhase section */

/* Begin PBXTargetDependency section */
		6AE514831B29C80D00B30B88 /* PBXTargetDependency */ = {
			isa = PBXTargetDependency;
			target = 6AE514741B29C80D00B30B88 /* TMLog */;
			targetProxy = 6AE514821B29C80D00B30B88 /* PBXContainerItemProxy */;
		};
/* End PBXTargetDependency section */

/* Begin XCBuildConfiguration section */
		6AE514871B29C80D00B30B88 /* Debug */ = {
			isa = XCBuildConfiguration;
			buildSettings = {
				ALWAYS_SEARCH_USER_PATHS = NO;
				CLANG_CXX_LANGUAGE_STANDARD = "gnu++0x";
				CLANG_CXX_LIBRARY = "libc++";
				CLANG_ENABLE_MODULES = YES;
				CLANG_ENABLE_OBJC_ARC = YES;
				CLANG_WARN_BOOL_CONVERSION = YES;
				CLANG_WARN_CONSTANT_CONVERSION = YES;
				CLANG_WARN_DIRECT_OBJC_ISA_USAGE = YES_ERROR;
				CLANG_WARN_EMPTY_BODY = YES;
				CLANG_WARN_ENUM_CONVERSION = YES;
				CLANG_WARN_INT_CONVERSION = YES;
				CLANG_WARN_OBJC_ROOT_CLASS = YES_ERROR;
				CLANG_WARN_UNREACHABLE_CODE = YES;
				CLANG_WARN__DUPLICATE_METHOD_MATCH = YES;
				COPY_PHASE_STRIP = NO;
				DEBUG_INFORMATION_FORMAT = "dwarf-with-dsym";
				ENABLE_STRICT_OBJC_MSGSEND = YES;
				GCC_C_LANGUAGE_STANDARD = gnu99;
				GCC_DYNAMIC_NO_PIC = NO;
				GCC_NO_COMMON_BLOCKS = YES;
				GCC_OPTIMIZATION_LEVEL = 0;
				GCC_PREPROCESSOR_DEFINITIONS = (
					"DEBUG=1",
					"$(inherited)",
				);
				GCC_SYMBOLS_PRIVATE_EXTERN = NO;
				GCC_WARN_64_TO_32_BIT_CONVERSION = YES;
				GCC_WARN_ABOUT_RETURN_TYPE = YES_ERROR;
				GCC_WARN_UNDECLARED_SELECTOR = YES;
				GCC_WARN_UNINITIALIZED_AUTOS = YES_AGGRESSIVE;
				GCC_WARN_UNUSED_FUNCTION = YES;
				GCC_WARN_UNUSED_VARIABLE = YES;
				IPHONEOS_DEPLOYMENT_TARGET = 8.3;
				MTL_ENABLE_DEBUG_INFO = YES;
				ONLY_ACTIVE_ARCH = YES;
				SDKROOT = iphoneos;
			};
			name = Debug;
		};
		6AE514881B29C80D00B30B88 /* Release */ = {
			isa = XCBuildConfiguration;
			buildSettings = {
				ALWAYS_SEARCH_USER_PATHS = NO;
				CLANG_CXX_LANGUAGE_STANDARD = "gnu++0x";
				CLANG_CXX_LIBRARY = "libc++";
				CLANG_ENABLE_MODULES = YES;
				CLANG_ENABLE_OBJC_ARC = YES;
				CLANG_WARN_BOOL_CONVERSION = YES;
				CLANG_WARN_CONSTANT_CONVERSION = YES;
				CLANG_WARN_DIRECT_OBJC_ISA_USAGE = YES_ERROR;
				CLANG_WARN_EMPTY_BODY = YES;
				CLANG_WARN_ENUM_CONVERSION = YES;
				CLANG_WARN_INT_CONVERSION = YES;
				CLANG_WARN_OBJC_ROOT_CLASS = YES_ERROR;
				CLANG_WARN_UNREACHABLE_CODE = YES;
				CLANG_WARN__DUPLICATE_METHOD_MATCH = YES;
				COPY_PHASE_STRIP = NO;
				DEBUG_INFORMATION_FORMAT = "dwarf-with-dsym";
				ENABLE_NS_ASSERTIONS = NO;
				ENABLE_STRICT_OBJC_MSGSEND = YES;
				GCC_C_LANGUAGE_STANDARD = gnu99;
				GCC_NO_COMMON_BLOCKS = YES;
				GCC_WARN_64_TO_32_BIT_CONVERSION = YES;
				GCC_WARN_ABOUT_RETURN_TYPE = YES_ERROR;
				GCC_WARN_UNDECLARED_SELECTOR = YES;
				GCC_WARN_UNINITIALIZED_AUTOS = YES_AGGRESSIVE;
				GCC_WARN_UNUSED_FUNCTION = YES;
				GCC_WARN_UNUSED_VARIABLE = YES;
				IPHONEOS_DEPLOYMENT_TARGET = 8.3;
				MTL_ENABLE_DEBUG_INFO = NO;
				SDKROOT = iphoneos;
				VALIDATE_PRODUCT = YES;
			};
			name = Release;
		};
		6AE5148A1B29C80D00B30B88 /* Debug */ = {
			isa = XCBuildConfiguration;
			buildSettings = {
				OTHER_LDFLAGS = "-ObjC";
				PRODUCT_NAME = "$(TARGET_NAME)";
				SKIP_INSTALL = YES;
			};
			name = Debug;
		};
		6AE5148B1B29C80D00B30B88 /* Release */ = {
			isa = XCBuildConfiguration;
			buildSettings = {
				OTHER_LDFLAGS = "-ObjC";
				PRODUCT_NAME = "$(TARGET_NAME)";
				SKIP_INSTALL = YES;
			};
			name = Release;
		};
		6AE5148D1B29C80D00B30B88 /* Debug */ = {
			isa = XCBuildConfiguration;
			buildSettings = {
				"CODE_SIGN_IDENTITY[sdk=iphoneos*]" = "iPhone Developer";
				FRAMEWORK_SEARCH_PATHS = (
					"$(SDKROOT)/Developer/Library/Frameworks",
					"$(inherited)",
				);
				GCC_PREPROCESSOR_DEFINITIONS = (
					"DEBUG=1",
					"$(inherited)",
				);
				INFOPLIST_FILE = TMLogTests/Info.plist;
				LD_RUNPATH_SEARCH_PATHS = "$(inherited) @executable_path/Frameworks @loader_path/Frameworks";
				PRODUCT_NAME = "$(TARGET_NAME)";
			};
			name = Debug;
		};
		6AE5148E1B29C80D00B30B88 /* Release */ = {
			isa = XCBuildConfiguration;
			buildSettings = {
				"CODE_SIGN_IDENTITY[sdk=iphoneos*]" = "iPhone Developer";
				FRAMEWORK_SEARCH_PATHS = (
					"$(SDKROOT)/Developer/Library/Frameworks",
					"$(inherited)",
				);
				INFOPLIST_FILE = TMLogTests/Info.plist;
				LD_RUNPATH_SEARCH_PATHS = "$(inherited) @executable_path/Frameworks @loader_path/Frameworks";
				PRODUCT_NAME = "$(TARGET_NAME)";
			};
			name = Release;
		};
/* End XCBuildConfiguration section */

/* Begin XCConfigurationList section */
		6AE514701B29C80D00B30B88 /* Build configuration list for PBXProject "TMLog" */ = {
			isa = XCConfigurationList;
			buildConfigurations = (
				6AE514871B29C80D00B30B88 /* Debug */,
				6AE514881B29C80D00B30B88 /* Release */,
			);
			defaultConfigurationIsVisible = 0;
			defaultConfigurationName = Release;
		};
		6AE514891B29C80D00B30B88 /* Build configuration list for PBXNativeTarget "TMLog" */ = {
			isa = XCConfigurationList;
			buildConfigurations = (
				6AE5148A1B29C80D00B30B88 /* Debug */,
				6AE5148B1B29C80D00B30B88 /* Release */,
			);
			defaultConfigurationIsVisible = 0;
		};
		6AE5148C1B29C80D00B30B88 /* Build configuration list for PBXNativeTarget "TMLogTests" */ = {
			isa = XCConfigurationList;
			buildConfigurations = (
				6AE5148D1B29C80D00B30B88 /* Debug */,
				6AE5148E1B29C80D00B30B88 /* Release */,
			);
			defaultConfigurationIsVisible = 0;
		};
/* End XCConfigurationList section */
	};
	rootObject = 6AE5146D1B29C80D00B30B88 /* Project object */;
}
